
Microsoft Visual Studio Solution File, Format Version 12.00
# Visual Studio Version 17
VisualStudioVersion = 17.0.31903.59
MinimumVisualStudioVersion = 10.0.40219.1
Project("{9A19103F-16F7-4668-BE54-9A1E7A4F7556}") = "Fluentsoft.Generators", "src\Fluentsoft.Generators\Fluentsoft.Generators.csproj", "{11D56C8C-EA80-459A-8B48-1B659ED4B970}"
EndProject
Project("{9A19103F-16F7-4668-BE54-9A1E7A4F7556}") = "Fluentsoft.Generators.Tests", "tests\Fluentsoft.Generators.Tests\Fluentsoft.Generators.Tests.csproj", "{B70E03C9-20AB-42A9-89F1-96F0D82542A9}"
EndProject
Project("{9A19103F-16F7-4668-BE54-9A1E7A4F7556}") = "Fluentsoft.Generators.Runtime", "src\Fluentsoft.Generators.Runtime\Fluentsoft.Generators.Runtime.csproj", "{D001D389-860A-46C9-8824-1C909A952A85}"
EndProject
Global
	GlobalSection(SolutionConfigurationPlatforms) = preSolution
		Debug|Any CPU = Debug|Any CPU
		Release|Any CPU = Release|Any CPU
	EndGlobalSection
	GlobalSection(ProjectConfigurationPlatforms) = postSolution
		{11D56C8C-EA80-459A-8B48-1B659ED4B970}.Debug|Any CPU.ActiveCfg = Debug|Any CPU
		{11D56C8C-EA80-459A-8B48-1B659ED4B970}.Debug|Any CPU.Build.0 = Debug|Any CPU
		{11D56C8C-EA80-459A-8B48-1B659ED4B970}.Release|Any CPU.ActiveCfg = Release|Any CPU
		{11D56C8C-EA80-459A-8B48-1B659ED4B970}.Release|Any CPU.Build.0 = Release|Any CPU
		{B70E03C9-20AB-42A9-89F1-96F0D82542A9}.Debug|Any CPU.ActiveCfg = Debug|Any CPU
		{B70E03C9-20AB-42A9-89F1-96F0D82542A9}.Debug|Any CPU.Build.0 = Debug|Any CPU
		{B70E03C9-20AB-42A9-89F1-96F0D82542A9}.Release|Any CPU.ActiveCfg = Release|Any CPU
		{B70E03C9-20AB-42A9-89F1-96F0D82542A9}.Release|Any CPU.Build.0 = Release|Any CPU
		{D001D389-860A-46C9-8824-1C909A952A85}.Debug|Any CPU.ActiveCfg = Debug|Any CPU
		{D001D389-860A-46C9-8824-1C909A952A85}.Debug|Any CPU.Build.0 = Debug|Any CPU
		{D001D389-860A-46C9-8824-1C909A952A85}.Release|Any CPU.ActiveCfg = Release|Any CPU
		{D001D389-860A-46C9-8824-1C909A952A85}.Release|Any CPU.Build.0 = Release|Any CPU
	EndGlobalSection
	GlobalSection(SolutionProperties) = preSolution
		HideSolutionNode = FALSE
	EndGlobalSection
	GlobalSection(ExtensibilityGlobals) = postSolution
		SolutionGuid = {F8BD05B9-4ABF-45FB-9414-B69DABA49C7C}
	EndGlobalSection
EndGlobal
